
Microsoft Visual Studio Solution File, Format Version 12.00
# Visual Studio 15
VisualStudioVersion = 15.0.27130.0
MinimumVisualStudioVersion = 10.0.40219.1
Project("{FAE04EC0-301F-11D3-BF4B-00C04F79EFBC}") = "Client", "Client\Client.csproj", "{F290AF56-783D-4437-A830-45F2F6EF3784}"
EndProject
Global
	GlobalSection(SolutionConfigurationPlatforms) = preSolution
		Debug|Any CPU = Debug|Any CPU
		Release|Any CPU = Release|Any CPU
	EndGlobalSection
	GlobalSection(ProjectConfigurationPlatforms) = postSolution
		{F290AF56-783D-4437-A830-45F2F6EF3784}.Debug|Any CPU.ActiveCfg = Debug|Any CPU
		{F290AF56-783D-4437-A830-45F2F6EF3784}.Debug|Any CPU.Build.0 = Debug|Any CPU
		{F290AF56-783D-4437-A830-45F2F6EF3784}.Release|Any CPU.ActiveCfg = Release|Any CPU
		{F290AF56-783D-4437-A830-45F2F6EF3784}.Release|Any CPU.Build.0 = Release|Any CPU
	EndGlobalSection
	GlobalSection(SolutionProperties) = preSolution
		HideSolutionNode = FALSE
	EndGlobalSection
	GlobalSection(ExtensibilityGlobals) = postSolution
		SolutionGuid = {025FE109-F265-428E-8FFE-5BA975E4E963}
	EndGlobalSection
EndGlobal
